{
  "requires": true,
  "lockfileVersion": 1,
  "dependencies": {
    "amexio-ng-extensions": {
      "version": "5.11.1",
      "resolved": "https://registry.npmjs.org/amexio-ng-extensions/-/amexio-ng-extensions-5.11.1.tgz",
      "integrity": "sha512-fDfTT7wPJM7A+DdVS1vue7iUUij0UzrBq9eikotQpBznsi1E6kGr2BOca9XlXt3WrJNX3JYClvKMvlQtv/Wtkg=="
    }
  }
}
